
Microsoft Visual Studio Solution File, Format Version 12.00
# Visual Studio Version 16
VisualStudioVersion = 16.0.31702.278
MinimumVisualStudioVersion = 10.0.40219.1
Project("{FAE04EC0-301F-11D3-BF4B-00C04F79EFBC}") = "Sirb_Andreea_Lab2", "Sirb_Andreea_Lab2.csproj", "{78EC3FD0-3ADE-4C44-BF9B-D994E911F576}"
EndProject
Global
	GlobalSection(SolutionConfigurationPlatforms) = preSolution
		Debug|Any CPU = Debug|Any CPU
		Release|Any CPU = Release|Any CPU
	EndGlobalSection
	GlobalSection(ProjectConfigurationPlatforms) = postSolution
		{78EC3FD0-3ADE-4C44-BF9B-D994E911F576}.Debug|Any CPU.ActiveCfg = Debug|Any CPU
		{78EC3FD0-3ADE-4C44-BF9B-D994E911F576}.Debug|Any CPU.Build.0 = Debug|Any CPU
		{78EC3FD0-3ADE-4C44-BF9B-D994E911F576}.Release|Any CPU.ActiveCfg = Release|Any CPU
		{78EC3FD0-3ADE-4C44-BF9B-D994E911F576}.Release|Any CPU.Build.0 = Release|Any CPU
	EndGlobalSection
	GlobalSection(SolutionProperties) = preSolution
		HideSolutionNode = FALSE
	EndGlobalSection
	GlobalSection(ExtensibilityGlobals) = postSolution
		SolutionGuid = {9D4105C4-9935-4ECA-88D7-BA068681F19A}
	EndGlobalSection
EndGlobal
